{
  "nodes": {
    "llamato-nixpkgs": {
      "locked": {
        "lastModified": 1784234879,
        "narHash": "sha256-eoWzi4gQXfj+YsQVZwEkjRZuluZ74YbEYawVVqjKEBk=",
        "owner": "Llamato",
        "repo": "nixpkgs",
        "rev": "cf67ef06f4d8e2bbb735d2b9453f8fb470730833",
        "type": "github"
      },
      "original": {
        "owner": "Llamato",
        "ref": "master",
        "repo": "nixpkgs",
        "type": "github"
      }
    },
    "nixos-hardware": {
      "inputs": {
        "nixpkgs": [
          "nixpkgs"
        ]
      },
      "locked": {
        "lastModified": 1788044418,
        "narHash": "sha256-cmOd3iGoE140M2GidgQMQbyxHZ4dT7C0QZq2+CrXQyA=",
        "owner": "nixos",
        "repo": "nixos-hardware",
        "rev": "dc3f0cfde2050172abf6c3cdb684f735c15a57c5",
        "type": "github"
      },
      "original": {
        "owner": "nixos",
        "ref": "master",
        "repo": "nixos-hardware",
        "type": "github"
      }
    },
    "nixpkgs": {
      "locked": {
        "lastModified": 1788179007,
        "narHash": "sha256-hn1oU2rue2SYK8dAr8+WNZWtbsz1S2W5mnHlSEuh3bo=",
        "owner": "nixos",
        "repo": "nixpkgs",
        "rev": "34ab99075ac4f7e40cf037eef32cb1c360bb85e9",
        "type": "github"
      },
      "original": {
        "owner": "nixos",
        "ref": "nixos-unstable",
        "repo": "nixpkgs",
        "type": "github"
      }
    },
    "personal-nixpkgs": {
      "locked": {
        "lastModified": 1767089253,
        "narHash": "sha256-BlfXDrpx47Ba/06P7V2qjoCj6XKkJoF9tRnCZdSdgcA=",
        "owner": "HyprGirl",
        "repo": "nixpkgs",
        "rev": "46124e30da0eca6aac1fead7874aed90d863a1ec",
        "type": "github"
      },
      "original": {
        "owner": "HyprGirl",
        "ref": "master",
        "repo": "nixpkgs",
        "type": "github"
      }
    },
    "root": {
      "inputs": {
        "llamato-nixpkgs": "llamato-nixpkgs",
        "nixos-hardware": "nixos-hardware",
        "nixpkgs": "nixpkgs",
        "personal-nixpkgs": "personal-nixpkgs",
        "secrets": "secrets"
      }
    },
    "secrets": {
      "locked": {
        "lastModified": 1787061956,
        "narHash": "sha256-YVeVC1Lhvg3432vYH1uy70rwJlOIUoAsrZxG48XGtDM=",
        "path": "/etc/nixos/.secrets",
        "type": "path"
      },
      "original": {
        "path": "/etc/nixos/.secrets",
        "type": "path"
      }
    }
  },
  "root": "root",
  "version": 7
}
