{
  "nodes": {
    "llamato-nixpkgs": {
      "locked": {
        "lastModified": 1790635738,
        "narHash": "sha256-T7BCl49OAwQszdcFm97p9tga7J4FeZ8noWN5QjmFsVo=",
        "owner": "Llamato",
        "repo": "nixpkgs",
        "rev": "961b5dea8c27b85d5f507cdeb7b4b34a46f45f65",
        "type": "github"
      },
      "original": {
        "owner": "Llamato",
        "ref": "master",
        "repo": "nixpkgs",
        "type": "github"
      }
    },
    "nixos-hardware": {
      "inputs": {
        "nixpkgs": [
          "nixpkgs"
        ]
      },
      "locked": {
        "lastModified": 1790722812,
        "narHash": "sha256-XwFt1uLyaBCQU1/nUeGqeBnqNXPVgGRnz20YVYdmF6Y=",
        "owner": "nixos",
        "repo": "nixos-hardware",
        "rev": "06f9ecaea5f64b6ff61cf42cb32f21621c4fa14a",
        "type": "github"
      },
      "original": {
        "owner": "nixos",
        "ref": "master",
        "repo": "nixos-hardware",
        "type": "github"
      }
    },
    "nixpkgs": {
      "locked": {
        "lastModified": 1790822859,
        "narHash": "sha256-69xHQhAeMAD2wDXO7T2pcOZIF9Sga2W+JkmY2a11Ops=",
        "owner": "nixos",
        "repo": "nixpkgs",
        "rev": "c59305bab2065cfecc4944690d9eedbb56f3a9fa",
        "type": "github"
      },
      "original": {
        "owner": "nixos",
        "ref": "nixos-unstable",
        "repo": "nixpkgs",
        "type": "github"
      }
    },
    "personal-nixpkgs": {
      "locked": {
        "lastModified": 1767089253,
        "narHash": "sha256-BlfXDrpx47Ba/06P7V2qjoCj6XKkJoF9tRnCZdSdgcA=",
        "owner": "HyprGirl",
        "repo": "nixpkgs",
        "rev": "46124e30da0eca6aac1fead7874aed90d863a1ec",
        "type": "github"
      },
      "original": {
        "owner": "HyprGirl",
        "ref": "master",
        "repo": "nixpkgs",
        "type": "github"
      }
    },
    "root": {
      "inputs": {
        "llamato-nixpkgs": "llamato-nixpkgs",
        "nixos-hardware": "nixos-hardware",
        "nixpkgs": "nixpkgs",
        "personal-nixpkgs": "personal-nixpkgs",
        "secrets": "secrets"
      }
    },
    "secrets": {
      "locked": {
        "lastModified": 1787061956,
        "narHash": "sha256-YVeVC1Lhvg3432vYH1uy70rwJlOIUoAsrZxG48XGtDM=",
        "path": "/etc/nixos/.secrets",
        "type": "path"
      },
      "original": {
        "path": "/etc/nixos/.secrets",
        "type": "path"
      }
    }
  },
  "root": "root",
  "version": 7
}
