{
  "nodes": {
    "llamato-nixpkgs": {
      "locked": {
        "lastModified": 1784234879,
        "narHash": "sha256-eoWzi4gQXfj+YsQVZwEkjRZuluZ74YbEYawVVqjKEBk=",
        "owner": "Llamato",
        "repo": "nixpkgs",
        "rev": "cf67ef06f4d8e2bbb735d2b9453f8fb470730833",
        "type": "github"
      },
      "original": {
        "owner": "Llamato",
        "ref": "master",
        "repo": "nixpkgs",
        "type": "github"
      }
    },
    "nixos-hardware": {
      "inputs": {
        "nixpkgs": [
          "nixpkgs"
        ]
      },
      "locked": {
        "lastModified": 1784723954,
        "narHash": "sha256-1CfD8ZUjCkTgjsneLZ/lxCHhgDfqxxE7/GX0MmsgiqA=",
        "owner": "nixos",
        "repo": "nixos-hardware",
        "rev": "a017f5b72210026af5b3ac5949f08d94380a6fbd",
        "type": "github"
      },
      "original": {
        "owner": "nixos",
        "ref": "master",
        "repo": "nixos-hardware",
        "type": "github"
      }
    },
    "nixpkgs": {
      "locked": {
        "lastModified": 1784796856,
        "narHash": "sha256-wWFrV5/Qbm+lyt5x20E/bSbfJiGKMo4RCxZV8cl/WZI=",
        "owner": "nixos",
        "repo": "nixpkgs",
        "rev": "e2587caef70cea85dd97d7daab492899902dbf5d",
        "type": "github"
      },
      "original": {
        "owner": "nixos",
        "ref": "nixos-unstable",
        "repo": "nixpkgs",
        "type": "github"
      }
    },
    "personal-nixpkgs": {
      "locked": {
        "lastModified": 1767089253,
        "narHash": "sha256-BlfXDrpx47Ba/06P7V2qjoCj6XKkJoF9tRnCZdSdgcA=",
        "owner": "HyprGirl",
        "repo": "nixpkgs",
        "rev": "46124e30da0eca6aac1fead7874aed90d863a1ec",
        "type": "github"
      },
      "original": {
        "owner": "HyprGirl",
        "ref": "master",
        "repo": "nixpkgs",
        "type": "github"
      }
    },
    "root": {
      "inputs": {
        "llamato-nixpkgs": "llamato-nixpkgs",
        "nixos-hardware": "nixos-hardware",
        "nixpkgs": "nixpkgs",
        "personal-nixpkgs": "personal-nixpkgs",
        "secrets": "secrets"
      }
    },
    "secrets": {
      "locked": {
        "lastModified": 1784590180,
        "narHash": "sha256-jUXDMa3SgVSSk67Chq1cmlrP5e+vNrjDl7qMgVrxm6E=",
        "path": "/etc/nixos/.secrets",
        "type": "path"
      },
      "original": {
        "path": "/etc/nixos/.secrets",
        "type": "path"
      }
    }
  },
  "root": "root",
  "version": 7
}
